
Microsoft Visual Studio Solution File, Format Version 12.00
# Visual Studio 15
VisualStudioVersion = 15.0.28307.136
MinimumVisualStudioVersion = 10.0.40219.1
Project("{9A19103F-16F7-4668-BE54-9A1E7A4F7556}") = "TriageSystem", "TriageSystem\TriageSystem.csproj", "{69540CC6-3065-4C26-83A7-77D1B1BFA16E}"
EndProject
Global
	GlobalSection(SolutionConfigurationPlatforms) = preSolution
		Debug|Any CPU = Debug|Any CPU
		Release|Any CPU = Release|Any CPU
	EndGlobalSection
	GlobalSection(ProjectConfigurationPlatforms) = postSolution
		{69540CC6-3065-4C26-83A7-77D1B1BFA16E}.Debug|Any CPU.ActiveCfg = Debug|Any CPU
		{69540CC6-3065-4C26-83A7-77D1B1BFA16E}.Debug|Any CPU.Build.0 = Debug|Any CPU
		{69540CC6-3065-4C26-83A7-77D1B1BFA16E}.Release|Any CPU.ActiveCfg = Release|Any CPU
		{69540CC6-3065-4C26-83A7-77D1B1BFA16E}.Release|Any CPU.Build.0 = Release|Any CPU
	EndGlobalSection
	GlobalSection(SolutionProperties) = preSolution
		HideSolutionNode = FALSE
	EndGlobalSection
	GlobalSection(ExtensibilityGlobals) = postSolution
		SolutionGuid = {E727D8DA-95AE-4EF4-951B-763892842494}
	EndGlobalSection
EndGlobal
